
Microsoft Visual Studio Solution File, Format Version 12.00
Project("{FAE04EC0-301F-11D3-BF4B-00C04F79EFBC}") = "Quartz-NETDemo", "Quartz-NETDemo\Quartz-NETDemo.csproj", "{0B2737D1-806C-4B60-9177-2707A6BF053D}"
EndProject
Global
	GlobalSection(SolutionConfigurationPlatforms) = preSolution
		Debug|Any CPU = Debug|Any CPU
		Release|Any CPU = Release|Any CPU
	EndGlobalSection
	GlobalSection(ProjectConfigurationPlatforms) = postSolution
		{0B2737D1-806C-4B60-9177-2707A6BF053D}.Debug|Any CPU.ActiveCfg = Debug|Any CPU
		{0B2737D1-806C-4B60-9177-2707A6BF053D}.Debug|Any CPU.Build.0 = Debug|Any CPU
		{0B2737D1-806C-4B60-9177-2707A6BF053D}.Release|Any CPU.ActiveCfg = Release|Any CPU
		{0B2737D1-806C-4B60-9177-2707A6BF053D}.Release|Any CPU.Build.0 = Release|Any CPU
	EndGlobalSection
EndGlobal
